//a

int[,] arr = { { 1, 2 }, { 3, 4 }, { 5, 6 } };

for (int i = 0; i < arr.GetLength(0); i++)
{
    for (int j = 0; j < arr.GetLength(1); j++)
    {
        Console.Write($"{arr[i, j],2}");
    }
    Console.WriteLine();
}

//b

int[] arr1 = { 1, 2, 3, 4 };
Console.WriteLine("масСив:");
for (int i = 0;i < arr1.GetLength(0); i++)
{
    Console.Write(arr1[i]);
}
Console.WriteLine($"\nдлинна: {arr1.Length}");

Console.WriteLine("ввод номера элемента для замены - ");
int index = Convert.ToInt32(Console.ReadLine());
Console.WriteLine("ввод нового значения - ");
int val =  Convert.ToInt32(Console.ReadLine());
arr1[index] = val;
Console.WriteLine("нови массив:");
for (int i = 0; i < arr1.GetLength(0); i++)
{
    Console.Write(arr1[i]);
}

//c

int[][] mass = new int[3][];
mass[0] = new int[2];
mass[1] = new int[3];
mass[2] = new int[4];
Console.WriteLine("\nввод значений ступенчатого масива");
for (int i = 0; i < mass.Length; i++)
{
    for(int j = 0;  j < mass[i].Length; j++)
    {
        mass[i][j] = Convert.ToInt32(Console.ReadLine());
    }
}
for (int i = 0; i < mass.Length; i++)
{
    for (int j = 0; j < mass[i].Length; j++)
    {
        Console.Write($"{mass[i][j], 2}");
    }
    Console.WriteLine();
}


//d

var ar = new int[] { 1, 2, 3 };
Console.WriteLine("неявно типизированный массив");
for(int i = 0;  i < ar.GetLength(0); i++)
{
    Console.Write( ar[i] + " ");
}
var txt = "kjh";
Console.WriteLine("\nтакая же строка" + txt);
