using System.Data.SqlTypes;
using System.Text;
using static System.Net.Mime.MediaTypeNames;

Console.WriteLine("Задание 2");

string name = "Anna";
string fio = "Fedorenko Anna";

var result = string.Equals(name, fio);
Console.WriteLine($"a) {result}");



string hello = "Hello";
string dot = ".";
string world = "world";
string s3 = hello + dot + world;
string s4 = string.Copy(s3);
string s5 = s3.Substring(4, 6);

Console.WriteLine($"b) {s3}\n{s4}\n{s5}");
string s6 = "Буря мглою небо кроет";
string[] words = s6.Split(new char[] { ' ' });
for(int i=0;i<words.Length;i++)
{
    Console.WriteLine(words[i]);
}
hello = hello.Insert(5, name);
Console.WriteLine(hello);

hello = hello.Remove(hello.Length-2);
Console.WriteLine(hello);


string nullString = null;
string emptyString = "";

Console.WriteLine($"c) nullString: {string.IsNullOrEmpty(nullString)}");
Console.WriteLine($"emptyString: {string.IsNullOrEmpty(emptyString)}");
Console.WriteLine($"normalString: {string.IsNullOrEmpty(hello)}");

StringBuilder sb = new StringBuilder(s6);
sb.Remove(3, 5);
Console.WriteLine(sb);

sb.Append(hello);
Console.WriteLine(sb);

sb.Insert(0, name);
Console.WriteLine(sb);
