using System.Xml.Linq;

var tuple1 = (32700, "cat", "k", "song", 184467440737095516);
var tuple2 = (32700, "dog", "b", "song", 184467440737095516);
Console.WriteLine(tuple1);
Console.WriteLine(tuple1.Item1);
Console.WriteLine(tuple1.Item3);
Console.WriteLine(tuple1.Item4);

var (cost, pet, k, word, number) = tuple1;
Console.WriteLine($"\nЦена: {cost}, Питомец: {pet}, Символ: {k}, Слово: {word}, Номер: {number}");

(string name, int age, string city) = ("Анна", 23, "Бобруйск");
Console.WriteLine($"\nИмя: {name}, Возраст: {age}, Город: {city}");

var shop = ("apple", "Belarus", 12, "green");
var (title, country, price, _) = shop;
Console.WriteLine($"\nТовар: {title}, Страна: {country}, Стоимость: {price}BYN");

if (tuple1 == tuple2)
{
    Console.WriteLine("\nРавны!");

}
else
{
 Console.WriteLine("\nНе равны!");
}
   
