//a

(int, string, char, string, ulong) kort = (23, "me too", 'h', "plam s", 200000000);

//b

Console.WriteLine("вывод всего кортежа котетджа: " + kort);
Console.WriteLine("вывод по чето там");
Console.WriteLine($"1 - {kort.Item1}");
Console.WriteLine($"3 - {kort.Item3}");

//c

var (num, pfrasa, sumb, phs, bnum) = kort;
Console.WriteLine($"розпакоуука: {num}, {pfrasa}, {sumb}, {phs}, {bnum}");
var (num1, _, _, phs1, bnum1) = kort;
Console.WriteLine($"{num1}, {phs1}, {bnum1}");

//d

var k1 = (2, 3);
var k2 = (3, 4);
var k3 = (2, 3);
Console.WriteLine($"k1 и k2 - {k1 == k2}");
Console.WriteLine($"k1 и k3 - {k1 == k3}");
Console.WriteLine($"k3 и k2 - {k3 == k2}");
