//a
bool a = true;
byte  b = 255;
sbyte c = -128;
char d = 'd';
double e = 2.398347530;
int f = -567;
uint g = 34;
string h = "skjgu";

Console.WriteLine("a = " + a + " логический тип");
Console.WriteLine("b = " + b + " числовой тип от 0 до 255");
Console.WriteLine("c = " + c + " числовой тип от -128 до 127");
Console.WriteLine("d = " + d + " символьный тип");
Console.WriteLine("e = " + e + " числовой тип с плавающей точкой");
Console.WriteLine("f = " + f + " числовой тип с отрицательными значениями");
Console.WriteLine("g = " + g + " числовой тип без отрицательных значений");
Console.WriteLine("h = " + h + " строковой тип");

Console.WriteLine("ввод значения для int");
int q = Convert.ToInt32(Console.ReadLine()) ;
Console.WriteLine("значениe введеное = " + q);

Console.WriteLine("ввод значения для строки");
string? w = Console.ReadLine();
Console.WriteLine("строка = " + w);


//b
double yu = 34.5;
int ty = (int)yu;
Console.WriteLine(ty);

int aa = 24;
float bb = aa;
double cc = bb;
long dd = aa;
decimal ss = aa;
Console.WriteLine("неявное преобразование " + aa + " " + bb + " " + cc + " " + " " + dd + " " + ss) ;

double i = 34.235743455;
float j = (float)i;
int k = (int)i;
short l = (short)k;
byte m = (byte)l;
decimal n= (decimal)i;
Console.WriteLine("явное преобразование " + i + " " + j + " " + k + " " + " " + l + " " + m + " " + n);

string name = "3245";
int nm = Convert.ToInt32(name);
Console.WriteLine("convert " + name + " " + nm);

//c

int val = 678;
object box = val;
val = 12;
Console.WriteLine("запакованное значение =  " + box + " незапаков значение = " + val);

int unb = (int)box;
Console.WriteLine(" распак значение = " + unb);

//d

var ttr = 34;
var oj = "wjhgf";
Console.WriteLine("неявные типы переменных: " + ttr + ", " + oj);

//e

int? tyu = null; 
Console.WriteLine("значения нет " +tyu);

tyu = 809;
Console.WriteLine(tyu);

//f
//var jk = 35; jk = "sdf";

