using System.Text;

//a

string s1 = "asd";
string s2 = "ASD";
string s3 = "asd";
Console.WriteLine(s1==s2);
Console.WriteLine(s1 == s3);

//b

string s4 = "ku";
string s5 = "ki";
string s6 = "kako";
string s7 = "hjhj klkl";
Console.WriteLine("\nизначальные строки: ");
Console.WriteLine(s4 + ", " + s5 + ", " + s6 + ", " + s7);

string cont = string.Concat( s4, s5, s6);
Console.WriteLine("\n сцепление " + cont);

string cop =  s5;
Console.WriteLine("копирование (Copy является устаревшим) " + cop);

string sub = s6.Substring(2, 2);
Console.WriteLine("выделение подстроки "+ sub);

string[] words = s7.Split(' ');
Console.WriteLine("разделение строки " + s7 + " на слова: ");
foreach (string word in words)
{
    Console.WriteLine(word);
}

string ins = s4.Insert(2, "yep");
Console.WriteLine("вставка подстроки в определенную позицию: " + ins);

string rem = s6.Remove(1, 2);
Console.WriteLine("удаление щаданной подстроки: " + rem);

string rt = "pog";
string kj = "kol";
Console.WriteLine($"интерполированная строка { rt}, ну и еще чет {kj}");

//c

string pust = "";
string nll = null;
Console.WriteLine("\nфункция string.IsNullOrEmpty. проверяет ппустая строка или нулл");
Console.WriteLine(string.IsNullOrEmpty(pust));
Console.WriteLine(string.IsNullOrEmpty(nll));
Console.WriteLine(string.IsNullOrEmpty("dfgkj"));

if (nll == null)
{
    Console.WriteLine("нулл строка");
}

//d

StringBuilder sb = new StringBuilder("stringBububu");
Console.WriteLine("\nстрока: " + sb);

sb.Remove(6, 4);
Console.WriteLine($"удаление символв {sb}");

sb.Insert(0, "fy");
Console.WriteLine($"добавление чего-то в начало строки {sb}");

sb.Append(" haha");
Console.WriteLine($"длбавление чекго то в концк {sb}");
